// !$*UTF8*$!
{
	archiveVersion = 1;
	classes = {
	};
	objectVersion = 50;
	objects = {

/* Begin PBXBuildFile section */
		7A03AA8123BE9769007E9800 /* AppDelegate.m in Sources */ = {isa = PBXBuildFile; fileRef = 7A03AA8023BE9769007E9800 /* AppDelegate.m */; };
		7A03AA8423BE9769007E9800 /* MainViewController.m in Sources */ = {isa = PBXBuildFile; fileRef = 7A03AA8323BE9769007E9800 /* MainViewController.m */; };
		7A03AA8623BE976A007E9800 /* Assets.xcassets in Resources */ = {isa = PBXBuildFile; fileRef = 7A03AA8523BE976A007E9800 /* Assets.xcassets */; };
		7A03AA8923BE976A007E9800 /* Main.storyboard in Resources */ = {isa = PBXBuildFile; fileRef = 7A03AA8723BE976A007E9800 /* Main.storyboard */; };
		7A03AA8C23BE976A007E9800 /* main.m in Sources */ = {isa = PBXBuildFile; fileRef = 7A03AA8B23BE976A007E9800 /* main.m */; };
		7A03AA9523BE9923007E9800 /* HKDragView.m in Sources */ = {isa = PBXBuildFile; fileRef = 7A03AA9423BE9923007E9800 /* HKDragView.m */; };
		7A2F337A23C0813400CF4288 /* SMBIOSKey_F.m in Sources */ = {isa = PBXBuildFile; fileRef = 7A2F337823C0813400CF4288 /* SMBIOSKey_F.m */; };
		7A2F337D23C081F900CF4288 /* HKConfigUtility.m in Sources */ = {isa = PBXBuildFile; fileRef = 7A2F337C23C081F900CF4288 /* HKConfigUtility.m */; };
		7A522022240841E600DCDBE1 /* BDDisk.m in Sources */ = {isa = PBXBuildFile; fileRef = 7A52201E240841E600DCDBE1 /* BDDisk.m */; };
		7A522023240841E600DCDBE1 /* BDDiskArbitrationSession.m in Sources */ = {isa = PBXBuildFile; fileRef = 7A52201F240841E600DCDBE1 /* BDDiskArbitrationSession.m */; };
		7A5220262408420500DCDBE1 /* DiskArbitration.framework in Frameworks */ = {isa = PBXBuildFile; fileRef = 7A5220252408420500DCDBE1 /* DiskArbitration.framework */; };
		7ACAC8F423C2661300D406FF /* HKIORegPropertyTool.m in Sources */ = {isa = PBXBuildFile; fileRef = 7ACAC8F223C2661200D406FF /* HKIORegPropertyTool.m */; };
/* End PBXBuildFile section */

/* Begin PBXFileReference section */
		7A03AA7C23BE9769007E9800 /* MacSerialTransporter.app */ = {isa = PBXFileReference; explicitFileType = wrapper.application; includeInIndex = 0; path = MacSerialTransporter.app; sourceTree = BUILT_PRODUCTS_DIR; };
		7A03AA7F23BE9769007E9800 /* AppDelegate.h */ = {isa = PBXFileReference; lastKnownFileType = sourcecode.c.h; path = AppDelegate.h; sourceTree = "<group>"; };
		7A03AA8023BE9769007E9800 /* AppDelegate.m */ = {isa = PBXFileReference; lastKnownFileType = sourcecode.c.objc; path = AppDelegate.m; sourceTree = "<group>"; };
		7A03AA8223BE9769007E9800 /* MainViewController.h */ = {isa = PBXFileReference; lastKnownFileType = sourcecode.c.h; path = MainViewController.h; sourceTree = "<group>"; };
		7A03AA8323BE9769007E9800 /* MainViewController.m */ = {isa = PBXFileReference; lastKnownFileType = sourcecode.c.objc; path = MainViewController.m; sourceTree = "<group>"; };
		7A03AA8523BE976A007E9800 /* Assets.xcassets */ = {isa = PBXFileReference; lastKnownFileType = folder.assetcatalog; path = Assets.xcassets; sourceTree = "<group>"; };
		7A03AA8823BE976A007E9800 /* Base */ = {isa = PBXFileReference; lastKnownFileType = file.storyboard; name = Base; path = Base.lproj/Main.storyboard; sourceTree = "<group>"; };
		7A03AA8A23BE976A007E9800 /* Info.plist */ = {isa = PBXFileReference; lastKnownFileType = text.plist.xml; path = Info.plist; sourceTree = "<group>"; };
		7A03AA8B23BE976A007E9800 /* main.m */ = {isa = PBXFileReference; lastKnownFileType = sourcecode.c.objc; path = main.m; sourceTree = "<group>"; };
		7A03AA8D23BE976A007E9800 /* SMBIOSTransporter.entitlements */ = {isa = PBXFileReference; lastKnownFileType = text.plist.entitlements; path = SMBIOSTransporter.entitlements; sourceTree = "<group>"; };
		7A03AA9323BE9923007E9800 /* HKDragView.h */ = {isa = PBXFileReference; lastKnownFileType = sourcecode.c.h; path = HKDragView.h; sourceTree = "<group>"; };
		7A03AA9423BE9923007E9800 /* HKDragView.m */ = {isa = PBXFileReference; lastKnownFileType = sourcecode.c.objc; path = HKDragView.m; sourceTree = "<group>"; };
		7A2F337823C0813400CF4288 /* SMBIOSKey_F.m */ = {isa = PBXFileReference; fileEncoding = 4; lastKnownFileType = sourcecode.c.objc; path = SMBIOSKey_F.m; sourceTree = "<group>"; };
		7A2F337923C0813400CF4288 /* SMBIOSKey_F.h */ = {isa = PBXFileReference; fileEncoding = 4; lastKnownFileType = sourcecode.c.h; path = SMBIOSKey_F.h; sourceTree = "<group>"; };
		7A2F337B23C081F900CF4288 /* HKConfigUtility.h */ = {isa = PBXFileReference; lastKnownFileType = sourcecode.c.h; path = HKConfigUtility.h; sourceTree = "<group>"; };
		7A2F337C23C081F900CF4288 /* HKConfigUtility.m */ = {isa = PBXFileReference; lastKnownFileType = sourcecode.c.objc; path = HKConfigUtility.m; sourceTree = "<group>"; };
		7A2F338123C0C93700CF4288 /* zh-Hans */ = {isa = PBXFileReference; lastKnownFileType = text.plist.strings; name = "zh-Hans"; path = "zh-Hans.lproj/Main.strings"; sourceTree = "<group>"; };
		7A2F338223C0C9CD00CF4288 /* en-GB */ = {isa = PBXFileReference; lastKnownFileType = text.plist.strings; name = "en-GB"; path = "en-GB.lproj/Main.strings"; sourceTree = "<group>"; };
		7A52201E240841E600DCDBE1 /* BDDisk.m */ = {isa = PBXFileReference; fileEncoding = 4; lastKnownFileType = sourcecode.c.objc; path = BDDisk.m; sourceTree = "<group>"; };
		7A52201F240841E600DCDBE1 /* BDDiskArbitrationSession.m */ = {isa = PBXFileReference; fileEncoding = 4; lastKnownFileType = sourcecode.c.objc; path = BDDiskArbitrationSession.m; sourceTree = "<group>"; };
		7A522020240841E600DCDBE1 /* BDDiskArbitrationSession.h */ = {isa = PBXFileReference; fileEncoding = 4; lastKnownFileType = sourcecode.c.h; path = BDDiskArbitrationSession.h; sourceTree = "<group>"; };
		7A522021240841E600DCDBE1 /* BDDisk.h */ = {isa = PBXFileReference; fileEncoding = 4; lastKnownFileType = sourcecode.c.h; path = BDDisk.h; sourceTree = "<group>"; };
		7A5220252408420500DCDBE1 /* DiskArbitration.framework */ = {isa = PBXFileReference; lastKnownFileType = wrapper.framework; name = DiskArbitration.framework; path = System/Library/Frameworks/DiskArbitration.framework; sourceTree = SDKROOT; };
		7ACAC8F223C2661200D406FF /* HKIORegPropertyTool.m */ = {isa = PBXFileReference; fileEncoding = 4; lastKnownFileType = sourcecode.c.objc; path = HKIORegPropertyTool.m; sourceTree = "<group>"; };
		7ACAC8F323C2661200D406FF /* HKIORegPropertyTool.h */ = {isa = PBXFileReference; fileEncoding = 4; lastKnownFileType = sourcecode.c.h; path = HKIORegPropertyTool.h; sourceTree = "<group>"; };
/* End PBXFileReference section */

/* Begin PBXFrameworksBuildPhase section */
		7A03AA7923BE9769007E9800 /* Frameworks */ = {
			isa = PBXFrameworksBuildPhase;
			buildActionMask = 2147483647;
			files = (
				7A5220262408420500DCDBE1 /* DiskArbitration.framework in Frameworks */,
			);
			runOnlyForDeploymentPostprocessing = 0;
		};
/* End PBXFrameworksBuildPhase section */

/* Begin PBXGroup section */
		7A03AA7323BE9769007E9800 = {
			isa = PBXGroup;
			children = (
				7A52201D240841D600DCDBE1 /* DiskMounter */,
				7A03AA7E23BE9769007E9800 /* SMBIOSTransporter */,
				7A03AA7D23BE9769007E9800 /* Products */,
				7A5220242408420500DCDBE1 /* Frameworks */,
			);
			sourceTree = "<group>";
		};
		7A03AA7D23BE9769007E9800 /* Products */ = {
			isa = PBXGroup;
			children = (
				7A03AA7C23BE9769007E9800 /* MacSerialTransporter.app */,
			);
			name = Products;
			sourceTree = "<group>";
		};
		7A03AA7E23BE9769007E9800 /* SMBIOSTransporter */ = {
			isa = PBXGroup;
			children = (
				7A03AA7F23BE9769007E9800 /* AppDelegate.h */,
				7A03AA8023BE9769007E9800 /* AppDelegate.m */,
				7A03AA8223BE9769007E9800 /* MainViewController.h */,
				7A03AA8323BE9769007E9800 /* MainViewController.m */,
				7A03AA9323BE9923007E9800 /* HKDragView.h */,
				7A03AA9423BE9923007E9800 /* HKDragView.m */,
				7A2F337B23C081F900CF4288 /* HKConfigUtility.h */,
				7A2F337C23C081F900CF4288 /* HKConfigUtility.m */,
				7A2F337923C0813400CF4288 /* SMBIOSKey_F.h */,
				7A2F337823C0813400CF4288 /* SMBIOSKey_F.m */,
				7ACAC8F323C2661200D406FF /* HKIORegPropertyTool.h */,
				7ACAC8F223C2661200D406FF /* HKIORegPropertyTool.m */,
				7A03AA8523BE976A007E9800 /* Assets.xcassets */,
				7A03AA8723BE976A007E9800 /* Main.storyboard */,
				7A03AA8A23BE976A007E9800 /* Info.plist */,
				7A03AA8B23BE976A007E9800 /* main.m */,
				7A03AA8D23BE976A007E9800 /* SMBIOSTransporter.entitlements */,
			);
			path = SMBIOSTransporter;
			sourceTree = "<group>";
		};
		7A52201D240841D600DCDBE1 /* DiskMounter */ = {
			isa = PBXGroup;
			children = (
				7A522021240841E600DCDBE1 /* BDDisk.h */,
				7A52201E240841E600DCDBE1 /* BDDisk.m */,
				7A522020240841E600DCDBE1 /* BDDiskArbitrationSession.h */,
				7A52201F240841E600DCDBE1 /* BDDiskArbitrationSession.m */,
			);
			path = DiskMounter;
			sourceTree = "<group>";
		};
		7A5220242408420500DCDBE1 /* Frameworks */ = {
			isa = PBXGroup;
			children = (
				7A5220252408420500DCDBE1 /* DiskArbitration.framework */,
			);
			name = Frameworks;
			sourceTree = "<group>";
		};
/* End PBXGroup section */

/* Begin PBXNativeTarget section */
		7A03AA7B23BE9769007E9800 /* MacSerialTransporter */ = {
			isa = PBXNativeTarget;
			buildConfigurationList = 7A03AA9023BE976A007E9800 /* Build configuration list for PBXNativeTarget "MacSerialTransporter" */;
			buildPhases = (
				7A03AA7823BE9769007E9800 /* Sources */,
				7A03AA7923BE9769007E9800 /* Frameworks */,
				7A03AA7A23BE9769007E9800 /* Resources */,
			);
			buildRules = (
			);
			dependencies = (
			);
			name = MacSerialTransporter;
			productName = SMBIOSTransporter;
			productReference = 7A03AA7C23BE9769007E9800 /* MacSerialTransporter.app */;
			productType = "com.apple.product-type.application";
		};
/* End PBXNativeTarget section */

/* Begin PBXProject section */
		7A03AA7423BE9769007E9800 /* Project object */ = {
			isa = PBXProject;
			attributes = {
				LastUpgradeCheck = 1130;
				ORGANIZATIONNAME = haoke;
				TargetAttributes = {
					7A03AA7B23BE9769007E9800 = {
						CreatedOnToolsVersion = 11.3;
					};
				};
			};
			buildConfigurationList = 7A03AA7723BE9769007E9800 /* Build configuration list for PBXProject "MacSerialTransporter" */;
			compatibilityVersion = "Xcode 9.3";
			developmentRegion = en;
			hasScannedForEncodings = 0;
			knownRegions = (
				en,
				Base,
				"zh-Hans",
				"en-GB",
			);
			mainGroup = 7A03AA7323BE9769007E9800;
			productRefGroup = 7A03AA7D23BE9769007E9800 /* Products */;
			projectDirPath = "";
			projectRoot = "";
			targets = (
				7A03AA7B23BE9769007E9800 /* MacSerialTransporter */,
			);
		};
/* End PBXProject section */

/* Begin PBXResourcesBuildPhase section */
		7A03AA7A23BE9769007E9800 /* Resources */ = {
			isa = PBXResourcesBuildPhase;
			buildActionMask = 2147483647;
			files = (
				7A03AA8623BE976A007E9800 /* Assets.xcassets in Resources */,
				7A03AA8923BE976A007E9800 /* Main.storyboard in Resources */,
			);
			runOnlyForDeploymentPostprocessing = 0;
		};
/* End PBXResourcesBuildPhase section */

/* Begin PBXSourcesBuildPhase section */
		7A03AA7823BE9769007E9800 /* Sources */ = {
			isa = PBXSourcesBuildPhase;
			buildActionMask = 2147483647;
			files = (
				7A2F337A23C0813400CF4288 /* SMBIOSKey_F.m in Sources */,
				7A03AA8423BE9769007E9800 /* MainViewController.m in Sources */,
				7A03AA8C23BE976A007E9800 /* main.m in Sources */,
				7A2F337D23C081F900CF4288 /* HKConfigUtility.m in Sources */,
				7A522022240841E600DCDBE1 /* BDDisk.m in Sources */,
				7A03AA8123BE9769007E9800 /* AppDelegate.m in Sources */,
				7A522023240841E600DCDBE1 /* BDDiskArbitrationSession.m in Sources */,
				7A03AA9523BE9923007E9800 /* HKDragView.m in Sources */,
				7ACAC8F423C2661300D406FF /* HKIORegPropertyTool.m in Sources */,
			);
			runOnlyForDeploymentPostprocessing = 0;
		};
/* End PBXSourcesBuildPhase section */

/* Begin PBXVariantGroup section */
		7A03AA8723BE976A007E9800 /* Main.storyboard */ = {
			isa = PBXVariantGroup;
			children = (
				7A03AA8823BE976A007E9800 /* Base */,
				7A2F338123C0C93700CF4288 /* zh-Hans */,
				7A2F338223C0C9CD00CF4288 /* en-GB */,
			);
			name = Main.storyboard;
			sourceTree = "<group>";
		};
/* End PBXVariantGroup section */

/* Begin XCBuildConfiguration section */
		7A03AA8E23BE976A007E9800 /* Debug */ = {
			isa = XCBuildConfiguration;
			buildSettings = {
				ALWAYS_SEARCH_USER_PATHS = NO;
				CLANG_ANALYZER_LOCALIZABILITY_NONLOCALIZED = YES;
				CLANG_ANALYZER_NONNULL = YES;
				CLANG_ANALYZER_NUMBER_OBJECT_CONVERSION = YES_AGGRESSIVE;
				CLANG_CXX_LANGUAGE_STANDARD = "gnu++14";
				CLANG_CXX_LIBRARY = "libc++";
				CLANG_ENABLE_MODULES = YES;
				CLANG_ENABLE_OBJC_ARC = YES;
				CLANG_ENABLE_OBJC_WEAK = YES;
				CLANG_WARN_BLOCK_CAPTURE_AUTORELEASING = YES;
				CLANG_WARN_BOOL_CONVERSION = YES;
				CLANG_WARN_COMMA = YES;
				CLANG_WARN_CONSTANT_CONVERSION = YES;
				CLANG_WARN_DEPRECATED_OBJC_IMPLEMENTATIONS = YES;
				CLANG_WARN_DIRECT_OBJC_ISA_USAGE = YES_ERROR;
				CLANG_WARN_DOCUMENTATION_COMMENTS = YES;
				CLANG_WARN_EMPTY_BODY = YES;
				CLANG_WARN_ENUM_CONVERSION = YES;
				CLANG_WARN_INFINITE_RECURSION = YES;
				CLANG_WARN_INT_CONVERSION = YES;
				CLANG_WARN_NON_LITERAL_NULL_CONVERSION = YES;
				CLANG_WARN_OBJC_IMPLICIT_RETAIN_SELF = YES;
				CLANG_WARN_OBJC_LITERAL_CONVERSION = YES;
				CLANG_WARN_OBJC_ROOT_CLASS = YES_ERROR;
				CLANG_WARN_RANGE_LOOP_ANALYSIS = YES;
				CLANG_WARN_STRICT_PROTOTYPES = YES;
				CLANG_WARN_SUSPICIOUS_MOVE = YES;
				CLANG_WARN_UNGUARDED_AVAILABILITY = YES_AGGRESSIVE;
				CLANG_WARN_UNREACHABLE_CODE = YES;
				CLANG_WARN__DUPLICATE_METHOD_MATCH = YES;
				COPY_PHASE_STRIP = NO;
				DEBUG_INFORMATION_FORMAT = dwarf;
				ENABLE_STRICT_OBJC_MSGSEND = YES;
				ENABLE_TESTABILITY = YES;
				GCC_C_LANGUAGE_STANDARD = gnu11;
				GCC_DYNAMIC_NO_PIC = NO;
				GCC_NO_COMMON_BLOCKS = YES;
				GCC_OPTIMIZATION_LEVEL = 0;
				GCC_PREPROCESSOR_DEFINITIONS = (
					"DEBUG=1",
					"$(inherited)",
				);
				GCC_WARN_64_TO_32_BIT_CONVERSION = YES;
				GCC_WARN_ABOUT_RETURN_TYPE = YES_ERROR;
				GCC_WARN_UNDECLARED_SELECTOR = YES;
				GCC_WARN_UNINITIALIZED_AUTOS = YES_AGGRESSIVE;
				GCC_WARN_UNUSED_FUNCTION = YES;
				GCC_WARN_UNUSED_VARIABLE = YES;
				MACOSX_DEPLOYMENT_TARGET = 10.15;
				MTL_ENABLE_DEBUG_INFO = INCLUDE_SOURCE;
				MTL_FAST_MATH = YES;
				ONLY_ACTIVE_ARCH = YES;
				SDKROOT = macosx;
			};
			name = Debug;
		};
		7A03AA8F23BE976A007E9800 /* Release */ = {
			isa = XCBuildConfiguration;
			buildSettings = {
				ALWAYS_SEARCH_USER_PATHS = NO;
				CLANG_ANALYZER_LOCALIZABILITY_NONLOCALIZED = YES;
				CLANG_ANALYZER_NONNULL = YES;
				CLANG_ANALYZER_NUMBER_OBJECT_CONVERSION = YES_AGGRESSIVE;
				CLANG_CXX_LANGUAGE_STANDARD = "gnu++14";
				CLANG_CXX_LIBRARY = "libc++";
				CLANG_ENABLE_MODULES = YES;
				CLANG_ENABLE_OBJC_ARC = YES;
				CLANG_ENABLE_OBJC_WEAK = YES;
				CLANG_WARN_BLOCK_CAPTURE_AUTORELEASING = YES;
				CLANG_WARN_BOOL_CONVERSION = YES;
				CLANG_WARN_COMMA = YES;
				CLANG_WARN_CONSTANT_CONVERSION = YES;
				CLANG_WARN_DEPRECATED_OBJC_IMPLEMENTATIONS = YES;
				CLANG_WARN_DIRECT_OBJC_ISA_USAGE = YES_ERROR;
				CLANG_WARN_DOCUMENTATION_COMMENTS = YES;
				CLANG_WARN_EMPTY_BODY = YES;
				CLANG_WARN_ENUM_CONVERSION = YES;
				CLANG_WARN_INFINITE_RECURSION = YES;
				CLANG_WARN_INT_CONVERSION = YES;
				CLANG_WARN_NON_LITERAL_NULL_CONVERSION = YES;
				CLANG_WARN_OBJC_IMPLICIT_RETAIN_SELF = YES;
				CLANG_WARN_OBJC_LITERAL_CONVERSION = YES;
				CLANG_WARN_OBJC_ROOT_CLASS = YES_ERROR;
				CLANG_WARN_RANGE_LOOP_ANALYSIS = YES;
				CLANG_WARN_STRICT_PROTOTYPES = YES;
				CLANG_WARN_SUSPICIOUS_MOVE = YES;
				CLANG_WARN_UNGUARDED_AVAILABILITY = YES_AGGRESSIVE;
				CLANG_WARN_UNREACHABLE_CODE = YES;
				CLANG_WARN__DUPLICATE_METHOD_MATCH = YES;
				COPY_PHASE_STRIP = NO;
				DEBUG_INFORMATION_FORMAT = "dwarf-with-dsym";
				ENABLE_NS_ASSERTIONS = NO;
				ENABLE_STRICT_OBJC_MSGSEND = YES;
				GCC_C_LANGUAGE_STANDARD = gnu11;
				GCC_NO_COMMON_BLOCKS = YES;
				GCC_WARN_64_TO_32_BIT_CONVERSION = YES;
				GCC_WARN_ABOUT_RETURN_TYPE = YES_ERROR;
				GCC_WARN_UNDECLARED_SELECTOR = YES;
				GCC_WARN_UNINITIALIZED_AUTOS = YES_AGGRESSIVE;
				GCC_WARN_UNUSED_FUNCTION = YES;
				GCC_WARN_UNUSED_VARIABLE = YES;
				MACOSX_DEPLOYMENT_TARGET = 10.15;
				MTL_ENABLE_DEBUG_INFO = NO;
				MTL_FAST_MATH = YES;
				SDKROOT = macosx;
			};
			name = Release;
		};
		7A03AA9123BE976A007E9800 /* Debug */ = {
			isa = XCBuildConfiguration;
			buildSettings = {
				ASSETCATALOG_COMPILER_APPICON_NAME = AppIcon;
				CODE_SIGN_ENTITLEMENTS = SMBIOSTransporter/SMBIOSTransporter.entitlements;
				CODE_SIGN_STYLE = Manual;
				COMBINE_HIDPI_IMAGES = YES;
				CURRENT_PROJECT_VERSION = 1.03;
				DEVELOPMENT_TEAM = "";
				ENABLE_HARDENED_RUNTIME = YES;
				INFOPLIST_FILE = SMBIOSTransporter/Info.plist;
				LD_RUNPATH_SEARCH_PATHS = (
					"$(inherited)",
					"@executable_path/../Frameworks",
				);
				MARKETING_VERSION = 1.03;
				PRODUCT_BUNDLE_IDENTIFIER = hk.MacSerialTransporter;
				PRODUCT_NAME = "$(TARGET_NAME)";
				PROVISIONING_PROFILE_SPECIFIER = "";
			};
			name = Debug;
		};
		7A03AA9223BE976A007E9800 /* Release */ = {
			isa = XCBuildConfiguration;
			buildSettings = {
				ASSETCATALOG_COMPILER_APPICON_NAME = AppIcon;
				CODE_SIGN_ENTITLEMENTS = SMBIOSTransporter/SMBIOSTransporter.entitlements;
				CODE_SIGN_STYLE = Manual;
				COMBINE_HIDPI_IMAGES = YES;
				CURRENT_PROJECT_VERSION = 1.03;
				DEVELOPMENT_TEAM = "";
				ENABLE_HARDENED_RUNTIME = YES;
				INFOPLIST_FILE = SMBIOSTransporter/Info.plist;
				LD_RUNPATH_SEARCH_PATHS = (
					"$(inherited)",
					"@executable_path/../Frameworks",
				);
				MARKETING_VERSION = 1.03;
				PRODUCT_BUNDLE_IDENTIFIER = hk.MacSerialTransporter;
				PRODUCT_NAME = "$(TARGET_NAME)";
				PROVISIONING_PROFILE_SPECIFIER = "";
			};
			name = Release;
		};
/* End XCBuildConfiguration section */

/* Begin XCConfigurationList section */
		7A03AA7723BE9769007E9800 /* Build configuration list for PBXProject "MacSerialTransporter" */ = {
			isa = XCConfigurationList;
			buildConfigurations = (
				7A03AA8E23BE976A007E9800 /* Debug */,
				7A03AA8F23BE976A007E9800 /* Release */,
			);
			defaultConfigurationIsVisible = 0;
			defaultConfigurationName = Release;
		};
		7A03AA9023BE976A007E9800 /* Build configuration list for PBXNativeTarget "MacSerialTransporter" */ = {
			isa = XCConfigurationList;
			buildConfigurations = (
				7A03AA9123BE976A007E9800 /* Debug */,
				7A03AA9223BE976A007E9800 /* Release */,
			);
			defaultConfigurationIsVisible = 0;
			defaultConfigurationName = Release;
		};
/* End XCConfigurationList section */
	};
	rootObject = 7A03AA7423BE9769007E9800 /* Project object */;
}
